
Microsoft Visual Studio Solution File, Format Version 12.00
# Visual Studio Version 17
VisualStudioVersion = 17.13.35828.75 d17.13
MinimumVisualStudioVersion = 10.0.40219.1
Project("{FAE04EC0-301F-11D3-BF4B-00C04F79EFBC}") = "RShop.PL", "RShop.PL\RShop.PL.csproj", "{D148C6C4-5167-47F3-B890-9C5CEEFAB625}"
EndProject
Project("{FAE04EC0-301F-11D3-BF4B-00C04F79EFBC}") = "RShop.DAL", "RShop.DAL\RShop.DAL.csproj", "{BCF998D9-B93C-44F1-8833-92E196330979}"
EndProject
Project("{FAE04EC0-301F-11D3-BF4B-00C04F79EFBC}") = "RShop.BLL", "RShop.BLL\RShop.BLL.csproj", "{385A4762-4962-4D45-A53B-C20D64166463}"
EndProject
Global
	GlobalSection(SolutionConfigurationPlatforms) = preSolution
		Debug|Any CPU = Debug|Any CPU
		Release|Any CPU = Release|Any CPU
	EndGlobalSection
	GlobalSection(ProjectConfigurationPlatforms) = postSolution
		{D148C6C4-5167-47F3-B890-9C5CEEFAB625}.Debug|Any CPU.ActiveCfg = Debug|Any CPU
		{D148C6C4-5167-47F3-B890-9C5CEEFAB625}.Debug|Any CPU.Build.0 = Debug|Any CPU
		{D148C6C4-5167-47F3-B890-9C5CEEFAB625}.Release|Any CPU.ActiveCfg = Release|Any CPU
		{D148C6C4-5167-47F3-B890-9C5CEEFAB625}.Release|Any CPU.Build.0 = Release|Any CPU
		{BCF998D9-B93C-44F1-8833-92E196330979}.Debug|Any CPU.ActiveCfg = Debug|Any CPU
		{BCF998D9-B93C-44F1-8833-92E196330979}.Debug|Any CPU.Build.0 = Debug|Any CPU
		{BCF998D9-B93C-44F1-8833-92E196330979}.Release|Any CPU.ActiveCfg = Release|Any CPU
		{BCF998D9-B93C-44F1-8833-92E196330979}.Release|Any CPU.Build.0 = Release|Any CPU
		{385A4762-4962-4D45-A53B-C20D64166463}.Debug|Any CPU.ActiveCfg = Debug|Any CPU
		{385A4762-4962-4D45-A53B-C20D64166463}.Debug|Any CPU.Build.0 = Debug|Any CPU
		{385A4762-4962-4D45-A53B-C20D64166463}.Release|Any CPU.ActiveCfg = Release|Any CPU
		{385A4762-4962-4D45-A53B-C20D64166463}.Release|Any CPU.Build.0 = Release|Any CPU
	EndGlobalSection
	GlobalSection(SolutionProperties) = preSolution
		HideSolutionNode = FALSE
	EndGlobalSection
	GlobalSection(ExtensibilityGlobals) = postSolution
		SolutionGuid = {F0E1F77C-2662-4F3F-BFDB-8C880387F75C}
	EndGlobalSection
EndGlobal
